// !$*UTF8*$!
{
	archiveVersion = 1;
	classes = {
	};
	objectVersion = 50;
	objects = {

/* Begin PBXBuildFile section */
		8D7FFCAD23CF3403000EE8EF /* AppDelegate.swift in Sources */ = {isa = PBXBuildFile; fileRef = 8D7FFCAC23CF3403000EE8EF /* AppDelegate.swift */; };
		8D7FFCAF23CF3403000EE8EF /* SceneDelegate.swift in Sources */ = {isa = PBXBuildFile; fileRef = 8D7FFCAE23CF3403000EE8EF /* SceneDelegate.swift */; };
		8D7FFCB123CF3403000EE8EF /* ContentView.swift in Sources */ = {isa = PBXBuildFile; fileRef = 8D7FFCB023CF3403000EE8EF /* ContentView.swift */; };
		8D7FFCB323CF3407000EE8EF /* Assets.xcassets in Resources */ = {isa = PBXBuildFile; fileRef = 8D7FFCB223CF3407000EE8EF /* Assets.xcassets */; };
		8D7FFCB623CF3407000EE8EF /* Preview Assets.xcassets in Resources */ = {isa = PBXBuildFile; fileRef = 8D7FFCB523CF3407000EE8EF /* Preview Assets.xcassets */; };
		8D7FFCB923CF3407000EE8EF /* LaunchScreen.storyboard in Resources */ = {isa = PBXBuildFile; fileRef = 8D7FFCB723CF3407000EE8EF /* LaunchScreen.storyboard */; };
		8D7FFCC123CF4781000EE8EF /* SleepCalculator.mlmodel in Sources */ = {isa = PBXBuildFile; fileRef = 8D7FFCC023CF4781000EE8EF /* SleepCalculator.mlmodel */; };
/* End PBXBuildFile section */

/* Begin PBXFileReference section */
		8D7FFCA923CF3403000EE8EF /* GoodNight.app */ = {isa = PBXFileReference; explicitFileType = wrapper.application; includeInIndex = 0; path = GoodNight.app; sourceTree = BUILT_PRODUCTS_DIR; };
		8D7FFCAC23CF3403000EE8EF /* AppDelegate.swift */ = {isa = PBXFileReference; lastKnownFileType = sourcecode.swift; path = AppDelegate.swift; sourceTree = "<group>"; };
		8D7FFCAE23CF3403000EE8EF /* SceneDelegate.swift */ = {isa = PBXFileReference; lastKnownFileType = sourcecode.swift; path = SceneDelegate.swift; sourceTree = "<group>"; };
		8D7FFCB023CF3403000EE8EF /* ContentView.swift */ = {isa = PBXFileReference; lastKnownFileType = sourcecode.swift; path = ContentView.swift; sourceTree = "<group>"; };
		8D7FFCB223CF3407000EE8EF /* Assets.xcassets */ = {isa = PBXFileReference; lastKnownFileType = folder.assetcatalog; path = Assets.xcassets; sourceTree = "<group>"; };
		8D7FFCB523CF3407000EE8EF /* Preview Assets.xcassets */ = {isa = PBXFileReference; lastKnownFileType = folder.assetcatalog; path = "Preview Assets.xcassets"; sourceTree = "<group>"; };
		8D7FFCB823CF3407000EE8EF /* Base */ = {isa = PBXFileReference; lastKnownFileType = file.storyboard; name = Base; path = Base.lproj/LaunchScreen.storyboard; sourceTree = "<group>"; };
		8D7FFCBA23CF3407000EE8EF /* Info.plist */ = {isa = PBXFileReference; lastKnownFileType = text.plist.xml; path = Info.plist; sourceTree = "<group>"; };
		8D7FFCC023CF4781000EE8EF /* SleepCalculator.mlmodel */ = {isa = PBXFileReference; lastKnownFileType = file.mlmodel; path = SleepCalculator.mlmodel; sourceTree = "<group>"; };
/* End PBXFileReference section */

/* Begin PBXFrameworksBuildPhase section */
		8D7FFCA623CF3403000EE8EF /* Frameworks */ = {
			isa = PBXFrameworksBuildPhase;
			buildActionMask = 2147483647;
			files = (
			);
			runOnlyForDeploymentPostprocessing = 0;
		};
/* End PBXFrameworksBuildPhase section */

/* Begin PBXGroup section */
		8D7FFCA023CF3403000EE8EF = {
			isa = PBXGroup;
			children = (
				8D7FFCAB23CF3403000EE8EF /* GoodNight */,
				8D7FFCAA23CF3403000EE8EF /* Products */,
			);
			sourceTree = "<group>";
		};
		8D7FFCAA23CF3403000EE8EF /* Products */ = {
			isa = PBXGroup;
			children = (
				8D7FFCA923CF3403000EE8EF /* GoodNight.app */,
			);
			name = Products;
			sourceTree = "<group>";
		};
		8D7FFCAB23CF3403000EE8EF /* GoodNight */ = {
			isa = PBXGroup;
			children = (
				8D7FFCAC23CF3403000EE8EF /* AppDelegate.swift */,
				8D7FFCAE23CF3403000EE8EF /* SceneDelegate.swift */,
				8D7FFCB023CF3403000EE8EF /* ContentView.swift */,
				8D7FFCB223CF3407000EE8EF /* Assets.xcassets */,
				8D7FFCB723CF3407000EE8EF /* LaunchScreen.storyboard */,
				8D7FFCBA23CF3407000EE8EF /* Info.plist */,
				8D7FFCC023CF4781000EE8EF /* SleepCalculator.mlmodel */,
				8D7FFCB423CF3407000EE8EF /* Preview Content */,
			);
			path = GoodNight;
			sourceTree = "<group>";
		};
		8D7FFCB423CF3407000EE8EF /* Preview Content */ = {
			isa = PBXGroup;
			children = (
				8D7FFCB523CF3407000EE8EF /* Preview Assets.xcassets */,
			);
			path = "Preview Content";
			sourceTree = "<group>";
		};
/* End PBXGroup section */

/* Begin PBXNativeTarget section */
		8D7FFCA823CF3403000EE8EF /* GoodNight */ = {
			isa = PBXNativeTarget;
			buildConfigurationList = 8D7FFCBD23CF3407000EE8EF /* Build configuration list for PBXNativeTarget "GoodNight" */;
			buildPhases = (
				8D7FFCA523CF3403000EE8EF /* Sources */,
				8D7FFCA623CF3403000EE8EF /* Frameworks */,
				8D7FFCA723CF3403000EE8EF /* Resources */,
			);
			buildRules = (
			);
			dependencies = (
			);
			name = GoodNight;
			productName = GoodNight;
			productReference = 8D7FFCA923CF3403000EE8EF /* GoodNight.app */;
			productType = "com.apple.product-type.application";
		};
/* End PBXNativeTarget section */

/* Begin PBXProject section */
		8D7FFCA123CF3403000EE8EF /* Project object */ = {
			isa = PBXProject;
			attributes = {
				LastSwiftUpdateCheck = 1110;
				LastUpgradeCheck = 1110;
				ORGANIZATIONNAME = JFJ;
				TargetAttributes = {
					8D7FFCA823CF3403000EE8EF = {
						CreatedOnToolsVersion = 11.1;
					};
				};
			};
			buildConfigurationList = 8D7FFCA423CF3403000EE8EF /* Build configuration list for PBXProject "GoodNight" */;
			compatibilityVersion = "Xcode 9.3";
			developmentRegion = en;
			hasScannedForEncodings = 0;
			knownRegions = (
				en,
				Base,
			);
			mainGroup = 8D7FFCA023CF3403000EE8EF;
			productRefGroup = 8D7FFCAA23CF3403000EE8EF /* Products */;
			projectDirPath = "";
			projectRoot = "";
			targets = (
				8D7FFCA823CF3403000EE8EF /* GoodNight */,
			);
		};
/* End PBXProject section */

/* Begin PBXResourcesBuildPhase section */
		8D7FFCA723CF3403000EE8EF /* Resources */ = {
			isa = PBXResourcesBuildPhase;
			buildActionMask = 2147483647;
			files = (
				8D7FFCB923CF3407000EE8EF /* LaunchScreen.storyboard in Resources */,
				8D7FFCB623CF3407000EE8EF /* Preview Assets.xcassets in Resources */,
				8D7FFCB323CF3407000EE8EF /* Assets.xcassets in Resources */,
			);
			runOnlyForDeploymentPostprocessing = 0;
		};
/* End PBXResourcesBuildPhase section */

/* Begin PBXSourcesBuildPhase section */
		8D7FFCA523CF3403000EE8EF /* Sources */ = {
			isa = PBXSourcesBuildPhase;
			buildActionMask = 2147483647;
			files = (
				8D7FFCAD23CF3403000EE8EF /* AppDelegate.swift in Sources */,
				8D7FFCAF23CF3403000EE8EF /* SceneDelegate.swift in Sources */,
				8D7FFCB123CF3403000EE8EF /* ContentView.swift in Sources */,
				8D7FFCC123CF4781000EE8EF /* SleepCalculator.mlmodel in Sources */,
			);
			runOnlyForDeploymentPostprocessing = 0;
		};
/* End PBXSourcesBuildPhase section */

/* Begin PBXVariantGroup section */
		8D7FFCB723CF3407000EE8EF /* LaunchScreen.storyboard */ = {
			isa = PBXVariantGroup;
			children = (
				8D7FFCB823CF3407000EE8EF /* Base */,
			);
			name = LaunchScreen.storyboard;
			sourceTree = "<group>";
		};
/* End PBXVariantGroup section */

/* Begin XCBuildConfiguration section */
		8D7FFCBB23CF3407000EE8EF /* Debug */ = {
			isa = XCBuildConfiguration;
			buildSettings = {
				ALWAYS_SEARCH_USER_PATHS = NO;
				CLANG_ANALYZER_NONNULL = YES;
				CLANG_ANALYZER_NUMBER_OBJECT_CONVERSION = YES_AGGRESSIVE;
				CLANG_CXX_LANGUAGE_STANDARD = "gnu++14";
				CLANG_CXX_LIBRARY = "libc++";
				CLANG_ENABLE_MODULES = YES;
				CLANG_ENABLE_OBJC_ARC = YES;
				CLANG_ENABLE_OBJC_WEAK = YES;
				CLANG_WARN_BLOCK_CAPTURE_AUTORELEASING = YES;
				CLANG_WARN_BOOL_CONVERSION = YES;
				CLANG_WARN_COMMA = YES;
				CLANG_WARN_CONSTANT_CONVERSION = YES;
				CLANG_WARN_DEPRECATED_OBJC_IMPLEMENTATIONS = YES;
				CLANG_WARN_DIRECT_OBJC_ISA_USAGE = YES_ERROR;
				CLANG_WARN_DOCUMENTATION_COMMENTS = YES;
				CLANG_WARN_EMPTY_BODY = YES;
				CLANG_WARN_ENUM_CONVERSION = YES;
				CLANG_WARN_INFINITE_RECURSION = YES;
				CLANG_WARN_INT_CONVERSION = YES;
				CLANG_WARN_NON_LITERAL_NULL_CONVERSION = YES;
				CLANG_WARN_OBJC_IMPLICIT_RETAIN_SELF = YES;
				CLANG_WARN_OBJC_LITERAL_CONVERSION = YES;
				CLANG_WARN_OBJC_ROOT_CLASS = YES_ERROR;
				CLANG_WARN_RANGE_LOOP_ANALYSIS = YES;
				CLANG_WARN_STRICT_PROTOTYPES = YES;
				CLANG_WARN_SUSPICIOUS_MOVE = YES;
				CLANG_WARN_UNGUARDED_AVAILABILITY = YES_AGGRESSIVE;
				CLANG_WARN_UNREACHABLE_CODE = YES;
				CLANG_WARN__DUPLICATE_METHOD_MATCH = YES;
				COPY_PHASE_STRIP = NO;
				DEBUG_INFORMATION_FORMAT = dwarf;
				ENABLE_STRICT_OBJC_MSGSEND = YES;
				ENABLE_TESTABILITY = YES;
				GCC_C_LANGUAGE_STANDARD = gnu11;
				GCC_DYNAMIC_NO_PIC = NO;
				GCC_NO_COMMON_BLOCKS = YES;
				GCC_OPTIMIZATION_LEVEL = 0;
				GCC_PREPROCESSOR_DEFINITIONS = (
					"DEBUG=1",
					"$(inherited)",
				);
				GCC_WARN_64_TO_32_BIT_CONVERSION = YES;
				GCC_WARN_ABOUT_RETURN_TYPE = YES_ERROR;
				GCC_WARN_UNDECLARED_SELECTOR = YES;
				GCC_WARN_UNINITIALIZED_AUTOS = YES_AGGRESSIVE;
				GCC_WARN_UNUSED_FUNCTION = YES;
				GCC_WARN_UNUSED_VARIABLE = YES;
				IPHONEOS_DEPLOYMENT_TARGET = 13.1;
				MTL_ENABLE_DEBUG_INFO = INCLUDE_SOURCE;
				MTL_FAST_MATH = YES;
				ONLY_ACTIVE_ARCH = YES;
				SDKROOT = iphoneos;
				SWIFT_ACTIVE_COMPILATION_CONDITIONS = DEBUG;
				SWIFT_OPTIMIZATION_LEVEL = "-Onone";
			};
			name = Debug;
		};
		8D7FFCBC23CF3407000EE8EF /* Release */ = {
			isa = XCBuildConfiguration;
			buildSettings = {
				ALWAYS_SEARCH_USER_PATHS = NO;
				CLANG_ANALYZER_NONNULL = YES;
				CLANG_ANALYZER_NUMBER_OBJECT_CONVERSION = YES_AGGRESSIVE;
				CLANG_CXX_LANGUAGE_STANDARD = "gnu++14";
				CLANG_CXX_LIBRARY = "libc++";
				CLANG_ENABLE_MODULES = YES;
				CLANG_ENABLE_OBJC_ARC = YES;
				CLANG_ENABLE_OBJC_WEAK = YES;
				CLANG_WARN_BLOCK_CAPTURE_AUTORELEASING = YES;
				CLANG_WARN_BOOL_CONVERSION = YES;
				CLANG_WARN_COMMA = YES;
				CLANG_WARN_CONSTANT_CONVERSION = YES;
				CLANG_WARN_DEPRECATED_OBJC_IMPLEMENTATIONS = YES;
				CLANG_WARN_DIRECT_OBJC_ISA_USAGE = YES_ERROR;
				CLANG_WARN_DOCUMENTATION_COMMENTS = YES;
				CLANG_WARN_EMPTY_BODY = YES;
				CLANG_WARN_ENUM_CONVERSION = YES;
				CLANG_WARN_INFINITE_RECURSION = YES;
				CLANG_WARN_INT_CONVERSION = YES;
				CLANG_WARN_NON_LITERAL_NULL_CONVERSION = YES;
				CLANG_WARN_OBJC_IMPLICIT_RETAIN_SELF = YES;
				CLANG_WARN_OBJC_LITERAL_CONVERSION = YES;
				CLANG_WARN_OBJC_ROOT_CLASS = YES_ERROR;
				CLANG_WARN_RANGE_LOOP_ANALYSIS = YES;
				CLANG_WARN_STRICT_PROTOTYPES = YES;
				CLANG_WARN_SUSPICIOUS_MOVE = YES;
				CLANG_WARN_UNGUARDED_AVAILABILITY = YES_AGGRESSIVE;
				CLANG_WARN_UNREACHABLE_CODE = YES;
				CLANG_WARN__DUPLICATE_METHOD_MATCH = YES;
				COPY_PHASE_STRIP = NO;
				DEBUG_INFORMATION_FORMAT = "dwarf-with-dsym";
				ENABLE_NS_ASSERTIONS = NO;
				ENABLE_STRICT_OBJC_MSGSEND = YES;
				GCC_C_LANGUAGE_STANDARD = gnu11;
				GCC_NO_COMMON_BLOCKS = YES;
				GCC_WARN_64_TO_32_BIT_CONVERSION = YES;
				GCC_WARN_ABOUT_RETURN_TYPE = YES_ERROR;
				GCC_WARN_UNDECLARED_SELECTOR = YES;
				GCC_WARN_UNINITIALIZED_AUTOS = YES_AGGRESSIVE;
				GCC_WARN_UNUSED_FUNCTION = YES;
				GCC_WARN_UNUSED_VARIABLE = YES;
				IPHONEOS_DEPLOYMENT_TARGET = 13.1;
				MTL_ENABLE_DEBUG_INFO = NO;
				MTL_FAST_MATH = YES;
				SDKROOT = iphoneos;
				SWIFT_COMPILATION_MODE = wholemodule;
				SWIFT_OPTIMIZATION_LEVEL = "-O";
				VALIDATE_PRODUCT = YES;
			};
			name = Release;
		};
		8D7FFCBE23CF3407000EE8EF /* Debug */ = {
			isa = XCBuildConfiguration;
			buildSettings = {
				ASSETCATALOG_COMPILER_APPICON_NAME = AppIcon;
				CODE_SIGN_STYLE = Automatic;
				DEVELOPMENT_ASSET_PATHS = "\"GoodNight/Preview Content\"";
				ENABLE_PREVIEWS = YES;
				INFOPLIST_FILE = GoodNight/Info.plist;
				LD_RUNPATH_SEARCH_PATHS = (
					"$(inherited)",
					"@executable_path/Frameworks",
				);
				PRODUCT_BUNDLE_IDENTIFIER = com.Waga.GoodNight;
				PRODUCT_NAME = "$(TARGET_NAME)";
				SWIFT_VERSION = 5.0;
				TARGETED_DEVICE_FAMILY = "1,2";
			};
			name = Debug;
		};
		8D7FFCBF23CF3407000EE8EF /* Release */ = {
			isa = XCBuildConfiguration;
			buildSettings = {
				ASSETCATALOG_COMPILER_APPICON_NAME = AppIcon;
				CODE_SIGN_STYLE = Automatic;
				DEVELOPMENT_ASSET_PATHS = "\"GoodNight/Preview Content\"";
				ENABLE_PREVIEWS = YES;
				INFOPLIST_FILE = GoodNight/Info.plist;
				LD_RUNPATH_SEARCH_PATHS = (
					"$(inherited)",
					"@executable_path/Frameworks",
				);
				PRODUCT_BUNDLE_IDENTIFIER = com.Waga.GoodNight;
				PRODUCT_NAME = "$(TARGET_NAME)";
				SWIFT_VERSION = 5.0;
				TARGETED_DEVICE_FAMILY = "1,2";
			};
			name = Release;
		};
/* End XCBuildConfiguration section */

/* Begin XCConfigurationList section */
		8D7FFCA423CF3403000EE8EF /* Build configuration list for PBXProject "GoodNight" */ = {
			isa = XCConfigurationList;
			buildConfigurations = (
				8D7FFCBB23CF3407000EE8EF /* Debug */,
				8D7FFCBC23CF3407000EE8EF /* Release */,
			);
			defaultConfigurationIsVisible = 0;
			defaultConfigurationName = Release;
		};
		8D7FFCBD23CF3407000EE8EF /* Build configuration list for PBXNativeTarget "GoodNight" */ = {
			isa = XCConfigurationList;
			buildConfigurations = (
				8D7FFCBE23CF3407000EE8EF /* Debug */,
				8D7FFCBF23CF3407000EE8EF /* Release */,
			);
			defaultConfigurationIsVisible = 0;
			defaultConfigurationName = Release;
		};
/* End XCConfigurationList section */
	};
	rootObject = 8D7FFCA123CF3403000EE8EF /* Project object */;
}
